{
  "name": "material-ui",
  "version": "1.0.0-beta.43",
  "lockfileVersion": 1,
  "requires": true,
  "dependencies": {
    "@types/jss": {
      "version": "9.5.2",
      "resolved": "http://registry.npm.release.ctripcorp.com/@types/jss/download/@types/jss-9.5.2.tgz",
      "integrity": "sha1-hQdrLBZgam+ZaqfiDB7H7WoIB18=",
      "requires": {
        "csstype": "2.4.0",
        "indefinite-observable": "1.0.1"
      }
    },
    "@types/react": {
      "version": "16.3.12",
      "resolved": "http://registry.npm.release.ctripcorp.com/@types/react/download/@types/react-16.3.12.tgz",
      "integrity": "sha1-aNkUbz6Xl+OP+/IvftHd6Ros/S4=",
      "requires": {
        "csstype": "2.4.0"
      }
    },
    "@types/react-transition-group": {
      "version": "2.0.8",
      "resolved": "http://registry.npm.release.ctripcorp.com/@types/react-transition-group/download/@types/react-transition-group-2.0.8.tgz",
      "integrity": "sha1-HqhvbYKI5Luo10Mxe6nMYc2swa0=",
      "requires": {
        "@types/react": "16.3.12"
      }
    },
    "asap": {
      "version": "2.0.6",
      "resolved": "http://registry.npm.release.ctripcorp.com/asap/download/asap-2.0.6.tgz",
      "integrity": "sha1-5QNHYR1+aQlDIIu9r+vLwvuGbUY="
    },
    "babel-runtime": {
      "version": "6.26.0",
      "resolved": "http://registry.npm.release.ctripcorp.com/babel-runtime/download/babel-runtime-6.26.0.tgz",
      "integrity": "sha1-llxwWGaOgrVde/4E/yM3vItWR/4=",
      "requires": {
        "core-js": "2.5.5",
        "regenerator-runtime": "0.11.1"
      }
    },
    "balanced-match": {
      "version": "1.0.0",
      "resolved": "http://registry.npm.release.ctripcorp.com/balanced-match/download/balanced-match-1.0.0.tgz",
      "integrity": "sha1-ibTRmasr7kneFk6gK4nORi1xt2c="
    },
    "brace-expansion": {
      "version": "1.1.11",
      "resolved": "http://registry.npm.release.ctripcorp.com/brace-expansion/download/brace-expansion-1.1.11.tgz",
      "integrity": "sha1-PH/L9SnYcibz0vUrlm/1Jx60Qd0=",
      "requires": {
        "balanced-match": "1.0.0",
        "concat-map": "0.0.1"
      }
    },
    "brcast": {
      "version": "3.0.1",
      "resolved": "http://registry.npm.release.ctripcorp.com/brcast/download/brcast-3.0.1.tgz",
      "integrity": "sha1-YlaoNJsg3p7tRCV6myTXFJPNSN0="
    },
    "change-emitter": {
      "version": "0.1.6",
      "resolved": "http://registry.npm.release.ctripcorp.com/change-emitter/download/change-emitter-0.1.6.tgz",
      "integrity": "sha1-6LL+PX8at9aaMhma/5HqaTFAlRU="
    },
    "classnames": {
      "version": "2.2.5",
      "resolved": "http://registry.npm.release.ctripcorp.com/classnames/download/classnames-2.2.5.tgz",
      "integrity": "sha1-+zgB1FNGdknvNgPH1hoCvRKb3m0="
    },
    "concat-map": {
      "version": "0.0.1",
      "resolved": "http://registry.npm.release.ctripcorp.com/concat-map/download/concat-map-0.0.1.tgz",
      "integrity": "sha1-2Klr13/Wjfd5OnMDajug1UBdR3s="
    },
    "core-js": {
      "version": "2.5.5",
      "resolved": "http://registry.npm.release.ctripcorp.com/core-js/download/core-js-2.5.5.tgz",
      "integrity": "sha1-sU3ek2xkDAV5prUMq8wTLdYSfjs="
    },
    "css-vendor": {
      "version": "0.3.8",
      "resolved": "http://registry.npm.release.ctripcorp.com/css-vendor/download/css-vendor-0.3.8.tgz",
      "integrity": "sha1-ZCHP0wNM5mT+dnOXL9ARn8KJQfo=",
      "requires": {
        "is-in-browser": "1.1.3"
      }
    },
    "csstype": {
      "version": "2.4.0",
      "resolved": "http://registry.npm.release.ctripcorp.com/csstype/download/csstype-2.4.0.tgz",
      "integrity": "sha1-bH1xHME13NkMgSqAIT6rAG/BrP8="
    },
    "deepmerge": {
      "version": "2.1.0",
      "resolved": "http://registry.npm.release.ctripcorp.com/deepmerge/download/deepmerge-2.1.0.tgz",
      "integrity": "sha1-URpU//QF/DRvAkC7Jwo+lTOjEQI="
    },
    "dom-helpers": {
      "version": "3.3.1",
      "resolved": "http://registry.npm.release.ctripcorp.com/dom-helpers/download/dom-helpers-3.3.1.tgz",
      "integrity": "sha1-/BpOFf/fYN3eA6SAqcD+zoId1KY="
    },
    "dom-walk": {
      "version": "0.1.1",
      "resolved": "http://registry.npm.release.ctripcorp.com/dom-walk/download/dom-walk-0.1.1.tgz",
      "integrity": "sha1-ZyIm3HTI95mtNTB9+TaroRrNYBg="
    },
    "encoding": {
      "version": "0.1.12",
      "resolved": "http://registry.npm.release.ctripcorp.com/encoding/download/encoding-0.1.12.tgz",
      "integrity": "sha1-U4tm8+5izRq1HsMjgp0flIDHS+s=",
      "requires": {
        "iconv-lite": "0.4.21"
      }
    },
    "fbjs": {
      "version": "0.8.16",
      "resolved": "http://registry.npm.release.ctripcorp.com/fbjs/download/fbjs-0.8.16.tgz",
      "integrity": "sha1-XmdDL1UNxBtXK/VYR7ispk5TN9s=",
      "requires": {
        "core-js": "1.2.7",
        "isomorphic-fetch": "2.2.1",
        "loose-envify": "1.3.1",
        "object-assign": "4.1.1",
        "promise": "7.3.1",
        "setimmediate": "1.0.5",
        "ua-parser-js": "0.7.17"
      },
      "dependencies": {
        "core-js": {
          "version": "1.2.7",
          "resolved": "http://registry.npm.release.ctripcorp.com/core-js/download/core-js-1.2.7.tgz",
          "integrity": "sha1-ZSKUwUZR2yj6k70tX/KYOk8IxjY="
        }
      }
    },
    "fs.realpath": {
      "version": "1.0.0",
      "resolved": "http://registry.npm.release.ctripcorp.com/fs.realpath/download/fs.realpath-1.0.0.tgz",
      "integrity": "sha1-FQStJSMVjKpA20onh8sBQRmU6k8="
    },
    "glob": {
      "version": "7.1.2",
      "resolved": "http://registry.npm.release.ctripcorp.com/glob/download/glob-7.1.2.tgz",
      "integrity": "sha1-wZyd+aAocC1nhhI4SmVSQExjbRU=",
      "requires": {
        "fs.realpath": "1.0.0",
        "inflight": "1.0.6",
        "inherits": "2.0.3",
        "minimatch": "3.0.4",
        "once": "1.4.0",
        "path-is-absolute": "1.0.1"
      }
    },
    "global": {
      "version": "4.3.2",
      "resolved": "http://registry.npm.release.ctripcorp.com/global/download/global-4.3.2.tgz",
      "integrity": "sha1-52mJJopsdMOJCLEwWxD8DjlOnQ8=",
      "requires": {
        "min-document": "2.19.0",
        "process": "0.5.2"
      }
    },
    "hoist-non-react-statics": {
      "version": "2.5.0",
      "resolved": "http://registry.npm.release.ctripcorp.com/hoist-non-react-statics/download/hoist-non-react-statics-2.5.0.tgz",
      "integrity": "sha1-0sot/BnFqRxaZhXOjlZO8DR+KkA="
    },
    "hyphenate-style-name": {
      "version": "1.0.2",
      "resolved": "http://registry.npm.release.ctripcorp.com/hyphenate-style-name/download/hyphenate-style-name-1.0.2.tgz",
      "integrity": "sha1-MRYKNpMK2vH8BMYHT360FGXU7Es="
    },
    "iconv-lite": {
      "version": "0.4.21",
      "resolved": "http://registry.npm.release.ctripcorp.com/iconv-lite/download/iconv-lite-0.4.21.tgz",
      "integrity": "sha1-xH+HM9AhcRievEpADzIY00gJR5g=",
      "requires": {
        "safer-buffer": "2.1.2"
      }
    },
    "indefinite-observable": {
      "version": "1.0.1",
      "resolved": "http://registry.npm.release.ctripcorp.com/indefinite-observable/download/indefinite-observable-1.0.1.tgz",
      "integrity": "sha1-CZFUI8yNb36xy3iCrRNGM8mm7cM=",
      "requires": {
        "symbol-observable": "1.0.4"
      }
    },
    "inflight": {
      "version": "1.0.6",
      "resolved": "http://registry.npm.release.ctripcorp.com/inflight/download/inflight-1.0.6.tgz",
      "integrity": "sha1-Sb1jMdfQLQwJvJEKEHW6gWW1bfk=",
      "requires": {
        "once": "1.4.0",
        "wrappy": "1.0.2"
      }
    },
    "inherits": {
      "version": "2.0.3",
      "resolved": "http://registry.npm.release.ctripcorp.com/inherits/download/inherits-2.0.3.tgz",
      "integrity": "sha1-Yzwsg+PaQqUC9SRmAiSA9CCCYd4="
    },
    "is-function": {
      "version": "1.0.1",
      "resolved": "http://registry.npm.release.ctripcorp.com/is-function/download/is-function-1.0.1.tgz",
      "integrity": "sha1-Es+5i2W1fdPRk6MSH19uL0N2ArU="
    },
    "is-in-browser": {
      "version": "1.1.3",
      "resolved": "http://registry.npm.release.ctripcorp.com/is-in-browser/download/is-in-browser-1.1.3.tgz",
      "integrity": "sha1-Vv9NtoOgeMYILrldrX3GLh0E+DU="
    },
    "is-plain-object": {
      "version": "2.0.4",
      "resolved": "http://registry.npm.release.ctripcorp.com/is-plain-object/download/is-plain-object-2.0.4.tgz",
      "integrity": "sha1-LBY7P6+xtgbZ0Xko8FwqHDjgdnc=",
      "requires": {
        "isobject": "3.0.1"
      }
    },
    "is-stream": {
      "version": "1.1.0",
      "resolved": "http://registry.npm.release.ctripcorp.com/is-stream/download/is-stream-1.1.0.tgz",
      "integrity": "sha1-EtSj3U5o4Lec6428hBc66A2RykQ="
    },
    "isobject": {
      "version": "3.0.1",
      "resolved": "http://registry.npm.release.ctripcorp.com/isobject/download/isobject-3.0.1.tgz",
      "integrity": "sha1-TkMekrEalzFjaqH5yNHMvP2reN8="
    },
    "isomorphic-fetch": {
      "version": "2.2.1",
      "resolved": "http://registry.npm.release.ctripcorp.com/isomorphic-fetch/download/isomorphic-fetch-2.2.1.tgz",
      "integrity": "sha1-YRrhrPFPXoH3KVB0coGf6XM1WKk=",
      "requires": {
        "node-fetch": "1.7.3",
        "whatwg-fetch": "2.0.4"
      }
    },
    "js-tokens": {
      "version": "3.0.2",
      "resolved": "http://registry.npm.release.ctripcorp.com/js-tokens/download/js-tokens-3.0.2.tgz",
      "integrity": "sha1-mGbfOVECEw449/mWvOtlRDIJwls="
    },
    "jss": {
      "version": "9.8.1",
      "resolved": "http://registry.npm.release.ctripcorp.com/jss/download/jss-9.8.1.tgz",
      "integrity": "sha1-4v8lB3etZXQw5u3EemNRZUG4iPo=",
      "requires": {
        "is-in-browser": "1.1.3",
        "symbol-observable": "1.2.0",
        "warning": "3.0.0"
      },
      "dependencies": {
        "symbol-observable": {
          "version": "1.2.0",
          "resolved": "http://registry.npm.release.ctripcorp.com/symbol-observable/download/symbol-observable-1.2.0.tgz",
          "integrity": "sha1-wiaIrtTqs83C3+rLtWFmBWCgCAQ="
        }
      }
    },
    "jss-camel-case": {
      "version": "6.1.0",
      "resolved": "http://registry.npm.release.ctripcorp.com/jss-camel-case/download/jss-camel-case-6.1.0.tgz",
      "integrity": "sha1-zLH/jWxwHAKh/tb7b7a3iW4RzkQ=",
      "requires": {
        "hyphenate-style-name": "1.0.2"
      }
    },
    "jss-compose": {
      "version": "5.0.0",
      "resolved": "http://registry.npm.release.ctripcorp.com/jss-compose/download/jss-compose-5.0.0.tgz",
      "integrity": "sha1-zgGy5FIdZcN+pCz0kRbl96tZZIQ=",
      "requires": {
        "warning": "3.0.0"
      }
    },
    "jss-default-unit": {
      "version": "8.0.2",
      "resolved": "http://registry.npm.release.ctripcorp.com/jss-default-unit/download/jss-default-unit-8.0.2.tgz",
      "integrity": "sha1-zB6Im65MC5QZMnsxSrHI4oJokOY="
    },
    "jss-expand": {
      "version": "5.1.0",
      "resolved": "http://registry.npm.release.ctripcorp.com/jss-expand/download/jss-expand-5.1.0.tgz",
      "integrity": "sha1-sa107BhjHzT2WiEk/PzrZABhDj0="
    },
    "jss-extend": {
      "version": "6.2.0",
      "resolved": "http://registry.npm.release.ctripcorp.com/jss-extend/download/jss-extend-6.2.0.tgz",
      "integrity": "sha1-SvCdC3L7mO4imXD4yoUv7ByiqNw=",
      "requires": {
        "warning": "3.0.0"
      }
    },
    "jss-global": {
      "version": "3.0.0",
      "resolved": "http://registry.npm.release.ctripcorp.com/jss-global/download/jss-global-3.0.0.tgz",
      "integrity": "sha1-4Z5ckasrljU8In4wqiy9k4zar6I="
    },
    "jss-nested": {
      "version": "6.0.1",
      "resolved": "http://registry.npm.release.ctripcorp.com/jss-nested/download/jss-nested-6.0.1.tgz",
      "integrity": "sha1-75kredbo9j2TnEOXudmbXLvoJMo=",
      "requires": {
        "warning": "3.0.0"
      }
    },
    "jss-preset-default": {
      "version": "4.3.0",
      "resolved": "http://registry.npm.release.ctripcorp.com/jss-preset-default/download/jss-preset-default-4.3.0.tgz",
      "integrity": "sha1-e8kbCygkklV9Nu1OXG18jLMVS7g=",
      "requires": {
        "jss-camel-case": "6.1.0",
        "jss-compose": "5.0.0",
        "jss-default-unit": "8.0.2",
        "jss-expand": "5.1.0",
        "jss-extend": "6.2.0",
        "jss-global": "3.0.0",
        "jss-nested": "6.0.1",
        "jss-props-sort": "6.0.0",
        "jss-template": "1.0.1",
        "jss-vendor-prefixer": "7.0.0"
      }
    },
    "jss-props-sort": {
      "version": "6.0.0",
      "resolved": "http://registry.npm.release.ctripcorp.com/jss-props-sort/download/jss-props-sort-6.0.0.tgz",
      "integrity": "sha1-kQUQGjtQcfq2Hi2F6nTMIumxYyM="
    },
    "jss-template": {
      "version": "1.0.1",
      "resolved": "http://registry.npm.release.ctripcorp.com/jss-template/download/jss-template-1.0.1.tgz",
      "integrity": "sha1-Ca7Z2GzFR7B/U+81XX4Xd/faQwo=",
      "requires": {
        "warning": "3.0.0"
      }
    },
    "jss-vendor-prefixer": {
      "version": "7.0.0",
      "resolved": "http://registry.npm.release.ctripcorp.com/jss-vendor-prefixer/download/jss-vendor-prefixer-7.0.0.tgz",
      "integrity": "sha1-AWZyllABXvGdnwJDfHNmcjFgXHE=",
      "requires": {
        "css-vendor": "0.3.8"
      }
    },
    "keycode": {
      "version": "2.2.0",
      "resolved": "http://registry.npm.release.ctripcorp.com/keycode/download/keycode-2.2.0.tgz",
      "integrity": "sha1-PQr1bce4uOXLqNCpfxByBO7CKwQ="
    },
    "lodash": {
      "version": "4.17.10",
      "resolved": "http://registry.npm.release.ctripcorp.com/lodash/download/lodash-4.17.10.tgz",
      "integrity": "sha1-G3eTz3JZ6jj7NmHU04syYK+K5Oc="
    },
    "loose-envify": {
      "version": "1.3.1",
      "resolved": "http://registry.npm.release.ctripcorp.com/loose-envify/download/loose-envify-1.3.1.tgz",
      "integrity": "sha1-0aitM/qc4OcT1l/dCsi3SNR4yEg=",
      "requires": {
        "js-tokens": "3.0.2"
      }
    },
    "min-document": {
      "version": "2.19.0",
      "resolved": "http://registry.npm.release.ctripcorp.com/min-document/download/min-document-2.19.0.tgz",
      "integrity": "sha1-e9KC4/WELtKVu3SM3Z8f+iyCRoU=",
      "requires": {
        "dom-walk": "0.1.1"
      }
    },
    "minimatch": {
      "version": "3.0.4",
      "resolved": "http://registry.npm.release.ctripcorp.com/minimatch/download/minimatch-3.0.4.tgz",
      "integrity": "sha1-UWbihkV/AzBgZL5Ul+jbsMPTIIM=",
      "requires": {
        "brace-expansion": "1.1.11"
      }
    },
    "node-fetch": {
      "version": "1.7.3",
      "resolved": "http://registry.npm.release.ctripcorp.com/node-fetch/download/node-fetch-1.7.3.tgz",
      "integrity": "sha1-mA9vcthSEaU0fGsrwYxbhMPrR+8=",
      "requires": {
        "encoding": "0.1.12",
        "is-stream": "1.1.0"
      }
    },
    "normalize-scroll-left": {
      "version": "0.1.2",
      "resolved": "http://registry.npm.release.ctripcorp.com/normalize-scroll-left/download/normalize-scroll-left-0.1.2.tgz",
      "integrity": "sha1-a3lpG6eetfsQf6Xt+9wGtVyu4qo="
    },
    "object-assign": {
      "version": "4.1.1",
      "resolved": "http://registry.npm.release.ctripcorp.com/object-assign/download/object-assign-4.1.1.tgz",
      "integrity": "sha1-IQmtx5ZYh8/AXLvUQsrIv7s2CGM="
    },
    "once": {
      "version": "1.4.0",
      "resolved": "http://registry.npm.release.ctripcorp.com/once/download/once-1.4.0.tgz",
      "integrity": "sha1-WDsap3WWHUsROsF9nFC6753Xa9E=",
      "requires": {
        "wrappy": "1.0.2"
      }
    },
    "path-is-absolute": {
      "version": "1.0.1",
      "resolved": "http://registry.npm.release.ctripcorp.com/path-is-absolute/download/path-is-absolute-1.0.1.tgz",
      "integrity": "sha1-F0uSaHNVNP+8es5r9TpanhtcX18="
    },
    "popper.js": {
      "version": "1.14.3",
      "resolved": "http://registry.npm.release.ctripcorp.com/popper.js/download/popper.js-1.14.3.tgz",
      "integrity": "sha1-FDj5jQRqz3tNeM1QK/QYrGTU8JU="
    },
    "process": {
      "version": "0.5.2",
      "resolved": "http://registry.npm.release.ctripcorp.com/process/download/process-0.5.2.tgz",
      "integrity": "sha1-FjjYqONML0QKkduVq5rrZ3/Bhc8="
    },
    "promise": {
      "version": "7.3.1",
      "resolved": "http://registry.npm.release.ctripcorp.com/promise/download/promise-7.3.1.tgz",
      "integrity": "sha1-BktyYCsY+Q8pGSuLG8QY/9Hr078=",
      "requires": {
        "asap": "2.0.6"
      }
    },
    "prop-types": {
      "version": "15.6.1",
      "resolved": "http://registry.npm.release.ctripcorp.com/prop-types/download/prop-types-15.6.1.tgz",
      "integrity": "sha1-NmREU1ZCVd3aORGR+zoSXL32VMo=",
      "requires": {
        "fbjs": "0.8.16",
        "loose-envify": "1.3.1",
        "object-assign": "4.1.1"
      }
    },
    "rafl": {
      "version": "1.2.2",
      "resolved": "http://registry.npm.release.ctripcorp.com/rafl/download/rafl-1.2.2.tgz",
      "integrity": "sha1-/pMPdYIRAg1H44gV9Rlqi+QVB0A=",
      "requires": {
        "global": "4.3.2"
      }
    },
    "react-event-listener": {
      "version": "0.5.3",
      "resolved": "http://registry.npm.release.ctripcorp.com/react-event-listener/download/react-event-listener-0.5.3.tgz",
      "integrity": "sha1-qLSSWWrWAYZTFPzCwYy4e2zjh24=",
      "requires": {
        "babel-runtime": "6.26.0",
        "fbjs": "0.8.16",
        "prop-types": "15.6.1",
        "warning": "3.0.0"
      }
    },
    "react-jss": {
      "version": "8.4.0",
      "resolved": "http://registry.npm.release.ctripcorp.com/react-jss/download/react-jss-8.4.0.tgz",
      "integrity": "sha1-fLQ9hd6lavr8jw/Qcq4n/MBRiVA=",
      "requires": {
        "hoist-non-react-statics": "2.5.0",
        "jss": "9.8.1",
        "jss-preset-default": "4.3.0",
        "prop-types": "15.6.1",
        "theming": "1.3.0"
      }
    },
    "react-lifecycles-compat": {
      "version": "2.0.2",
      "resolved": "http://registry.npm.release.ctripcorp.com/react-lifecycles-compat/download/react-lifecycles-compat-2.0.2.tgz",
      "integrity": "sha1-AKIxYO7BekO5TddPldRKGiw8XsE="
    },
    "react-popper": {
      "version": "0.10.1",
      "resolved": "http://registry.npm.release.ctripcorp.com/react-popper/download/react-popper-0.10.1.tgz",
      "integrity": "sha1-ah8llfr/2ncQW+1OiezyJgekxFI=",
      "requires": {
        "popper.js": "1.14.3",
        "prop-types": "15.6.1"
      }
    },
    "react-scrollbar-size": {
      "version": "2.1.0",
      "resolved": "http://registry.npm.release.ctripcorp.com/react-scrollbar-size/download/react-scrollbar-size-2.1.0.tgz",
      "integrity": "sha1-EF55cTXKuSsfnhbwAHHbfyn4B1Q=",
      "requires": {
        "babel-runtime": "6.26.0",
        "prop-types": "15.6.1",
        "react-event-listener": "0.5.3",
        "stifle": "1.0.4"
      }
    },
    "react-transition-group": {
      "version": "2.3.1",
      "resolved": "http://registry.npm.release.ctripcorp.com/react-transition-group/download/react-transition-group-2.3.1.tgz",
      "integrity": "sha1-MdYRsz4UOl4PLZTDSOAmoPO0dLY=",
      "requires": {
        "dom-helpers": "3.3.1",
        "loose-envify": "1.3.1",
        "prop-types": "15.6.1"
      }
    },
    "recompose": {
      "version": "0.27.0",
      "resolved": "http://registry.npm.release.ctripcorp.com/recompose/download/recompose-0.27.0.tgz",
      "integrity": "sha1-gjDr1lG/EVkJcAb3kIP+IksVAc8=",
      "requires": {
        "babel-runtime": "6.26.0",
        "change-emitter": "0.1.6",
        "fbjs": "0.8.16",
        "hoist-non-react-statics": "2.5.0",
        "react-lifecycles-compat": "3.0.2",
        "symbol-observable": "1.0.4"
      },
      "dependencies": {
        "react-lifecycles-compat": {
          "version": "3.0.2",
          "resolved": "http://registry.npm.release.ctripcorp.com/react-lifecycles-compat/download/react-lifecycles-compat-3.0.2.tgz",
          "integrity": "sha1-cnkEcnW9cnqRLiX3NMBVlSfoTv8="
        }
      }
    },
    "regenerator-runtime": {
      "version": "0.11.1",
      "resolved": "http://registry.npm.release.ctripcorp.com/regenerator-runtime/download/regenerator-runtime-0.11.1.tgz",
      "integrity": "sha1-vgWtf5v30i4Fb5cmzuUBf78Z4uk="
    },
    "rimraf": {
      "version": "2.6.2",
      "resolved": "http://registry.npm.release.ctripcorp.com/rimraf/download/rimraf-2.6.2.tgz",
      "integrity": "sha1-LtgVDSShbqhlHm1u8PR8QVjOejY=",
      "requires": {
        "glob": "7.1.2"
      }
    },
    "safer-buffer": {
      "version": "2.1.2",
      "resolved": "http://registry.npm.release.ctripcorp.com/safer-buffer/download/safer-buffer-2.1.2.tgz",
      "integrity": "sha1-RPoWGwGHuVSd2Eu5GAL5vYOFzWo="
    },
    "scroll": {
      "version": "2.0.3",
      "resolved": "http://registry.npm.release.ctripcorp.com/scroll/download/scroll-2.0.3.tgz",
      "integrity": "sha1-CVG3hVRCBf0XdTvD0pRzi6Fvwqs=",
      "requires": {
        "rafl": "1.2.2"
      }
    },
    "setimmediate": {
      "version": "1.0.5",
      "resolved": "http://registry.npm.release.ctripcorp.com/setimmediate/download/setimmediate-1.0.5.tgz",
      "integrity": "sha1-KQy7Iy4waULX1+qbg3Mqt4VvgoU="
    },
    "stifle": {
      "version": "1.0.4",
      "resolved": "http://registry.npm.release.ctripcorp.com/stifle/download/stifle-1.0.4.tgz",
      "integrity": "sha1-izvN9SQZsKnHnjWtrc5QEjwdjpk="
    },
    "symbol-observable": {
      "version": "1.0.4",
      "resolved": "http://registry.npm.release.ctripcorp.com/symbol-observable/download/symbol-observable-1.0.4.tgz",
      "integrity": "sha1-Kb9hXUqnEhvdiYsi1LP5vE4qoD0="
    },
    "theming": {
      "version": "1.3.0",
      "resolved": "http://registry.npm.release.ctripcorp.com/theming/download/theming-1.3.0.tgz",
      "integrity": "sha1-KG1broC+iQ0K3GReXKBJhyNyW9w=",
      "requires": {
        "brcast": "3.0.1",
        "is-function": "1.0.1",
        "is-plain-object": "2.0.4",
        "prop-types": "15.6.1"
      }
    },
    "ua-parser-js": {
      "version": "0.7.17",
      "resolved": "http://registry.npm.release.ctripcorp.com/ua-parser-js/download/ua-parser-js-0.7.17.tgz",
      "integrity": "sha1-6exflJi57JEOeuOsYmqAXE0J7Kw="
    },
    "warning": {
      "version": "3.0.0",
      "resolved": "http://registry.npm.release.ctripcorp.com/warning/download/warning-3.0.0.tgz",
      "integrity": "sha1-MuU3fLVy3kqwR1O9+IIcAe1gW3w=",
      "requires": {
        "loose-envify": "1.3.1"
      }
    },
    "whatwg-fetch": {
      "version": "2.0.4",
      "resolved": "http://registry.npm.release.ctripcorp.com/whatwg-fetch/download/whatwg-fetch-2.0.4.tgz",
      "integrity": "sha1-3eal3zFfnTmZGqF2IYU9cguFVm8="
    },
    "wrappy": {
      "version": "1.0.2",
      "resolved": "http://registry.npm.release.ctripcorp.com/wrappy/download/wrappy-1.0.2.tgz",
      "integrity": "sha1-tSQ9jz7BqjXxNkYFvA0QNuMKtp8="
    }
  }
}
